
Microsoft Visual Studio Solution File, Format Version 12.00
# Visual Studio Version 17
VisualStudioVersion = 17.8.34309.116
MinimumVisualStudioVersion = 10.0.40219.1
Project("{FAE04EC0-301F-11D3-BF4B-00C04F79EFBC}") = "CAR", "CAR\CAR.csproj", "{4DDB51D9-EE1F-4443-9AC2-8097F2D2D91B}"
EndProject
Global
	GlobalSection(SolutionConfigurationPlatforms) = preSolution
		Debug|Any CPU = Debug|Any CPU
		Release|Any CPU = Release|Any CPU
	EndGlobalSection
	GlobalSection(ProjectConfigurationPlatforms) = postSolution
		{4DDB51D9-EE1F-4443-9AC2-8097F2D2D91B}.Debug|Any CPU.ActiveCfg = Debug|Any CPU
		{4DDB51D9-EE1F-4443-9AC2-8097F2D2D91B}.Debug|Any CPU.Build.0 = Debug|Any CPU
		{4DDB51D9-EE1F-4443-9AC2-8097F2D2D91B}.Release|Any CPU.ActiveCfg = Release|Any CPU
		{4DDB51D9-EE1F-4443-9AC2-8097F2D2D91B}.Release|Any CPU.Build.0 = Release|Any CPU
	EndGlobalSection
	GlobalSection(SolutionProperties) = preSolution
		HideSolutionNode = FALSE
	EndGlobalSection
	GlobalSection(ExtensibilityGlobals) = postSolution
		SolutionGuid = {49391292-9091-435C-93AA-745E06A05986}
	EndGlobalSection
EndGlobal
